Microsoft Visual Studio Solution File, Format Version 12.00
# Visual Studio 15
VisualStudioVersion = 15.0.27004.2009
MinimumVisualStudioVersion = 15.0.26124.0
Project("{9A19103F-16F7-4668-BE54-9A1E7A4F7556}") = "OfferScraper", "Scraper\OfferScraper.csproj", "{0B82D519-EC8E-49DD-BDF7-56E2AA5CF8E4}"
EndProject
Project("{9A19103F-16F7-4668-BE54-9A1E7A4F7556}") = "WebAPI", "WebAPI\WebAPI.csproj", "{FF64CD38-5516-4087-858F-1700A7A1947F}"
EndProject
Project("{9A19103F-16F7-4668-BE54-9A1E7A4F7556}") = "MarklogicDataLayer", "MarklogicDataLayer\MarklogicDataLayer.csproj", "{E2AF7283-21B2-4B92-9619-BC773E7EBC08}"
EndProject
Project("{9A19103F-16F7-4668-BE54-9A1E7A4F7556}") = "Tests", "Tests\Tests.csproj", "{8C1A6BF7-14D6-4BBA-9048-01F66A3AFED9}"
EndProject
Project("{9A19103F-16F7-4668-BE54-9A1E7A4F7556}") = "CommandAdder", "CommandAdder\CommandAdder.csproj", "{39E8DB7F-BDB8-4B16-AC3A-576391614FE1}"
EndProject
Project("{9A19103F-16F7-4668-BE54-9A1E7A4F7556}") = "Common", "Common\Common.csproj", "{6AA35A55-2467-494B-A093-CDA8DC42EA26}"
EndProject
Project("{FAE04EC0-301F-11D3-BF4B-00C04F79EFBC}") = "TomtomApiWrapper", "TomtomApiWrapper\TomtomApiWrapper.csproj", "{24871038-470F-46B6-B8DF-242B6A8CBC7F}"
EndProject
Global
	GlobalSection(SolutionConfigurationPlatforms) = preSolution
		Debug|Any CPU = Debug|Any CPU
		Debug|x64 = Debug|x64
		Debug|x86 = Debug|x86
		Release|Any CPU = Release|Any CPU
		Release|x64 = Release|x64
		Release|x86 = Release|x86
	EndGlobalSection
	GlobalSection(ProjectConfigurationPlatforms) = postSolution
		{0B82D519-EC8E-49DD-BDF7-56E2AA5CF8E4}.Debug|Any CPU.ActiveCfg = Debug|Any CPU
		{0B82D519-EC8E-49DD-BDF7-56E2AA5CF8E4}.Debug|Any CPU.Build.0 = Debug|Any CPU
		{0B82D519-EC8E-49DD-BDF7-56E2AA5CF8E4}.Debug|x64.ActiveCfg = Debug|Any CPU
		{0B82D519-EC8E-49DD-BDF7-56E2AA5CF8E4}.Debug|x64.Build.0 = Debug|Any CPU
		{0B82D519-EC8E-49DD-BDF7-56E2AA5CF8E4}.Debug|x86.ActiveCfg = Debug|Any CPU
		{0B82D519-EC8E-49DD-BDF7-56E2AA5CF8E4}.Debug|x86.Build.0 = Debug|Any CPU
		{0B82D519-EC8E-49DD-BDF7-56E2AA5CF8E4}.Release|Any CPU.ActiveCfg = Release|Any CPU
		{0B82D519-EC8E-49DD-BDF7-56E2AA5CF8E4}.Release|Any CPU.Build.0 = Release|Any CPU
		{0B82D519-EC8E-49DD-BDF7-56E2AA5CF8E4}.Release|x64.ActiveCfg = Release|Any CPU
		{0B82D519-EC8E-49DD-BDF7-56E2AA5CF8E4}.Release|x64.Build.0 = Release|Any CPU
		{0B82D519-EC8E-49DD-BDF7-56E2AA5CF8E4}.Release|x86.ActiveCfg = Release|Any CPU
		{0B82D519-EC8E-49DD-BDF7-56E2AA5CF8E4}.Release|x86.Build.0 = Release|Any CPU
		{FF64CD38-5516-4087-858F-1700A7A1947F}.Debug|Any CPU.ActiveCfg = Debug|Any CPU
		{FF64CD38-5516-4087-858F-1700A7A1947F}.Debug|Any CPU.Build.0 = Debug|Any CPU
		{FF64CD38-5516-4087-858F-1700A7A1947F}.Debug|x64.ActiveCfg = Debug|Any CPU
		{FF64CD38-5516-4087-858F-1700A7A1947F}.Debug|x64.Build.0 = Debug|Any CPU
		{FF64CD38-5516-4087-858F-1700A7A1947F}.Debug|x86.ActiveCfg = Debug|Any CPU
		{FF64CD38-5516-4087-858F-1700A7A1947F}.Debug|x86.Build.0 = Debug|Any CPU
		{FF64CD38-5516-4087-858F-1700A7A1947F}.Release|Any CPU.ActiveCfg = Release|Any CPU
		{FF64CD38-5516-4087-858F-1700A7A1947F}.Release|Any CPU.Build.0 = Release|Any CPU
		{FF64CD38-5516-4087-858F-1700A7A1947F}.Release|x64.ActiveCfg = Release|Any CPU
		{FF64CD38-5516-4087-858F-1700A7A1947F}.Release|x64.Build.0 = Release|Any CPU
		{FF64CD38-5516-4087-858F-1700A7A1947F}.Release|x86.ActiveCfg = Release|Any CPU
		{FF64CD38-5516-4087-858F-1700A7A1947F}.Release|x86.Build.0 = Release|Any CPU
		{E2AF7283-21B2-4B92-9619-BC773E7EBC08}.Debug|Any CPU.ActiveCfg = Debug|Any CPU
		{E2AF7283-21B2-4B92-9619-BC773E7EBC08}.Debug|Any CPU.Build.0 = Debug|Any CPU
		{E2AF7283-21B2-4B92-9619-BC773E7EBC08}.Debug|x64.ActiveCfg = Debug|Any CPU
		{E2AF7283-21B2-4B92-9619-BC773E7EBC08}.Debug|x64.Build.0 = Debug|Any CPU
		{E2AF7283-21B2-4B92-9619-BC773E7EBC08}.Debug|x86.ActiveCfg = Debug|Any CPU
		{E2AF7283-21B2-4B92-9619-BC773E7EBC08}.Debug|x86.Build.0 = Debug|Any CPU
		{E2AF7283-21B2-4B92-9619-BC773E7EBC08}.Release|Any CPU.ActiveCfg = Release|Any CPU
		{E2AF7283-21B2-4B92-9619-BC773E7EBC08}.Release|Any CPU.Build.0 = Release|Any CPU
		{E2AF7283-21B2-4B92-9619-BC773E7EBC08}.Release|x64.ActiveCfg = Release|Any CPU
		{E2AF7283-21B2-4B92-9619-BC773E7EBC08}.Release|x64.Build.0 = Release|Any CPU
		{E2AF7283-21B2-4B92-9619-BC773E7EBC08}.Release|x86.ActiveCfg = Release|Any CPU
		{E2AF7283-21B2-4B92-9619-BC773E7EBC08}.Release|x86.Build.0 = Release|Any CPU
		{8C1A6BF7-14D6-4BBA-9048-01F66A3AFED9}.Debug|Any CPU.ActiveCfg = Debug|Any CPU
		{8C1A6BF7-14D6-4BBA-9048-01F66A3AFED9}.Debug|Any CPU.Build.0 = Debug|Any CPU
		{8C1A6BF7-14D6-4BBA-9048-01F66A3AFED9}.Debug|x64.ActiveCfg = Debug|Any CPU
		{8C1A6BF7-14D6-4BBA-9048-01F66A3AFED9}.Debug|x64.Build.0 = Debug|Any CPU
		{8C1A6BF7-14D6-4BBA-9048-01F66A3AFED9}.Debug|x86.ActiveCfg = Debug|Any CPU
		{8C1A6BF7-14D6-4BBA-9048-01F66A3AFED9}.Debug|x86.Build.0 = Debug|Any CPU
		{8C1A6BF7-14D6-4BBA-9048-01F66A3AFED9}.Release|Any CPU.ActiveCfg = Release|Any CPU
		{8C1A6BF7-14D6-4BBA-9048-01F66A3AFED9}.Release|Any CPU.Build.0 = Release|Any CPU
		{8C1A6BF7-14D6-4BBA-9048-01F66A3AFED9}.Release|x64.ActiveCfg = Release|Any CPU
		{8C1A6BF7-14D6-4BBA-9048-01F66A3AFED9}.Release|x64.Build.0 = Release|Any CPU
		{8C1A6BF7-14D6-4BBA-9048-01F66A3AFED9}.Release|x86.ActiveCfg = Release|Any CPU
		{8C1A6BF7-14D6-4BBA-9048-01F66A3AFED9}.Release|x86.Build.0 = Release|Any CPU
		{39E8DB7F-BDB8-4B16-AC3A-576391614FE1}.Debug|Any CPU.ActiveCfg = Debug|Any CPU
		{39E8DB7F-BDB8-4B16-AC3A-576391614FE1}.Debug|Any CPU.Build.0 = Debug|Any CPU
		{39E8DB7F-BDB8-4B16-AC3A-576391614FE1}.Debug|x64.ActiveCfg = Debug|Any CPU
		{39E8DB7F-BDB8-4B16-AC3A-576391614FE1}.Debug|x64.Build.0 = Debug|Any CPU
		{39E8DB7F-BDB8-4B16-AC3A-576391614FE1}.Debug|x86.ActiveCfg = Debug|Any CPU
		{39E8DB7F-BDB8-4B16-AC3A-576391614FE1}.Debug|x86.Build.0 = Debug|Any CPU
		{39E8DB7F-BDB8-4B16-AC3A-576391614FE1}.Release|Any CPU.ActiveCfg = Release|Any CPU
		{39E8DB7F-BDB8-4B16-AC3A-576391614FE1}.Release|Any CPU.Build.0 = Release|Any CPU
		{39E8DB7F-BDB8-4B16-AC3A-576391614FE1}.Release|x64.ActiveCfg = Release|Any CPU
		{39E8DB7F-BDB8-4B16-AC3A-576391614FE1}.Release|x64.Build.0 = Release|Any CPU
		{39E8DB7F-BDB8-4B16-AC3A-576391614FE1}.Release|x86.ActiveCfg = Release|Any CPU
		{39E8DB7F-BDB8-4B16-AC3A-576391614FE1}.Release|x86.Build.0 = Release|Any CPU
		{6AA35A55-2467-494B-A093-CDA8DC42EA26}.Debug|Any CPU.ActiveCfg = Debug|Any CPU
		{6AA35A55-2467-494B-A093-CDA8DC42EA26}.Debug|Any CPU.Build.0 = Debug|Any CPU
		{6AA35A55-2467-494B-A093-CDA8DC42EA26}.Debug|x64.ActiveCfg = Debug|Any CPU
		{6AA35A55-2467-494B-A093-CDA8DC42EA26}.Debug|x64.Build.0 = Debug|Any CPU
		{6AA35A55-2467-494B-A093-CDA8DC42EA26}.Debug|x86.ActiveCfg = Debug|Any CPU
		{6AA35A55-2467-494B-A093-CDA8DC42EA26}.Debug|x86.Build.0 = Debug|Any CPU
		{6AA35A55-2467-494B-A093-CDA8DC42EA26}.Release|Any CPU.ActiveCfg = Release|Any CPU
		{6AA35A55-2467-494B-A093-CDA8DC42EA26}.Release|Any CPU.Build.0 = Release|Any CPU
		{6AA35A55-2467-494B-A093-CDA8DC42EA26}.Release|x64.ActiveCfg = Release|Any CPU
		{6AA35A55-2467-494B-A093-CDA8DC42EA26}.Release|x64.Build.0 = Release|Any CPU
		{6AA35A55-2467-494B-A093-CDA8DC42EA26}.Release|x86.ActiveCfg = Release|Any CPU
		{6AA35A55-2467-494B-A093-CDA8DC42EA26}.Release|x86.Build.0 = Release|Any CPU
		{24871038-470F-46B6-B8DF-242B6A8CBC7F}.Debug|Any CPU.ActiveCfg = Debug|Any CPU
		{24871038-470F-46B6-B8DF-242B6A8CBC7F}.Debug|Any CPU.Build.0 = Debug|Any CPU
		{24871038-470F-46B6-B8DF-242B6A8CBC7F}.Debug|x64.ActiveCfg = Debug|Any CPU
		{24871038-470F-46B6-B8DF-242B6A8CBC7F}.Debug|x64.Build.0 = Debug|Any CPU
		{24871038-470F-46B6-B8DF-242B6A8CBC7F}.Debug|x86.ActiveCfg = Debug|Any CPU
		{24871038-470F-46B6-B8DF-242B6A8CBC7F}.Debug|x86.Build.0 = Debug|Any CPU
		{24871038-470F-46B6-B8DF-242B6A8CBC7F}.Release|Any CPU.ActiveCfg = Release|Any CPU
		{24871038-470F-46B6-B8DF-242B6A8CBC7F}.Release|Any CPU.Build.0 = Release|Any CPU
		{24871038-470F-46B6-B8DF-242B6A8CBC7F}.Release|x64.ActiveCfg = Release|Any CPU
		{24871038-470F-46B6-B8DF-242B6A8CBC7F}.Release|x64.Build.0 = Release|Any CPU
		{24871038-470F-46B6-B8DF-242B6A8CBC7F}.Release|x86.ActiveCfg = Release|Any CPU
		{24871038-470F-46B6-B8DF-242B6A8CBC7F}.Release|x86.Build.0 = Release|Any CPU
	EndGlobalSection
	GlobalSection(SolutionProperties) = preSolution
		HideSolutionNode = FALSE
	EndGlobalSection
	GlobalSection(ExtensibilityGlobals) = postSolution
		SolutionGuid = {B2A54335-72E9-4FC5-A3DF-3C5BAA6C5613}
	EndGlobalSection
EndGlobal
