
Microsoft Visual Studio Solution File, Format Version 12.00
# Visual Studio 15
VisualStudioVersion = 15.0.27004.2009
MinimumVisualStudioVersion = 10.0.40219.1
Project("{FAE04EC0-301F-11D3-BF4B-00C04F79EFBC}") = "BusinessLogic", "BusinessLogic\BusinessLogic.csproj", "{69444AF7-E11F-4590-82D0-07414A3E1BBB}"
EndProject
Project("{FAE04EC0-301F-11D3-BF4B-00C04F79EFBC}") = "Scrapper", "Scrapper\Scrapper.csproj", "{4A45EF8C-6D4F-4955-ADC0-D4E24675C293}"
EndProject
Project("{FAE04EC0-301F-11D3-BF4B-00C04F79EFBC}") = "Tests", "Tests\Tests.csproj", "{C9711F9B-DDC4-41AE-BF40-0C7C62ADD5BF}"
EndProject
Project("{2150E333-8FDC-42A3-9474-1A3956D46DE8}") = "web", "web", "{93BB8E51-82B9-4E51-81E8-5850D15E5A61}"
	ProjectSection(SolutionItems) = preProject
		index.html = index.html
	EndProjectSection
EndProject
Global
	GlobalSection(SolutionConfigurationPlatforms) = preSolution
		Debug|Any CPU = Debug|Any CPU
		Release|Any CPU = Release|Any CPU
	EndGlobalSection
	GlobalSection(ProjectConfigurationPlatforms) = postSolution
		{69444AF7-E11F-4590-82D0-07414A3E1BBB}.Debug|Any CPU.ActiveCfg = Debug|Any CPU
		{69444AF7-E11F-4590-82D0-07414A3E1BBB}.Debug|Any CPU.Build.0 = Debug|Any CPU
		{69444AF7-E11F-4590-82D0-07414A3E1BBB}.Release|Any CPU.ActiveCfg = Release|Any CPU
		{69444AF7-E11F-4590-82D0-07414A3E1BBB}.Release|Any CPU.Build.0 = Release|Any CPU
		{4A45EF8C-6D4F-4955-ADC0-D4E24675C293}.Debug|Any CPU.ActiveCfg = Debug|Any CPU
		{4A45EF8C-6D4F-4955-ADC0-D4E24675C293}.Debug|Any CPU.Build.0 = Debug|Any CPU
		{4A45EF8C-6D4F-4955-ADC0-D4E24675C293}.Release|Any CPU.ActiveCfg = Release|Any CPU
		{4A45EF8C-6D4F-4955-ADC0-D4E24675C293}.Release|Any CPU.Build.0 = Release|Any CPU
		{C9711F9B-DDC4-41AE-BF40-0C7C62ADD5BF}.Debug|Any CPU.ActiveCfg = Debug|Any CPU
		{C9711F9B-DDC4-41AE-BF40-0C7C62ADD5BF}.Debug|Any CPU.Build.0 = Debug|Any CPU
		{C9711F9B-DDC4-41AE-BF40-0C7C62ADD5BF}.Release|Any CPU.ActiveCfg = Release|Any CPU
		{C9711F9B-DDC4-41AE-BF40-0C7C62ADD5BF}.Release|Any CPU.Build.0 = Release|Any CPU
	EndGlobalSection
	GlobalSection(SolutionProperties) = preSolution
		HideSolutionNode = FALSE
	EndGlobalSection
	GlobalSection(ExtensibilityGlobals) = postSolution
		SolutionGuid = {41BA8A7E-C9BC-4742-93A7-E23EEE68FAE3}
	EndGlobalSection
EndGlobal
